
Microsoft Visual Studio Solution File, Format Version 12.00
# Visual Studio Version 17
VisualStudioVersion = 17.9.34616.47
MinimumVisualStudioVersion = 10.0.40219.1
Project("{FAE04EC0-301F-11D3-BF4B-00C04F79EFBC}") = "tpmodul6_1302223054", "tpmodul6_1302223054.csproj", "{ECDB1F20-15BD-4DA1-8BC7-A46A8D66AB37}"
EndProject
Global
	GlobalSection(SolutionConfigurationPlatforms) = preSolution
		Debug|Any CPU = Debug|Any CPU
		Release|Any CPU = Release|Any CPU
	EndGlobalSection
	GlobalSection(ProjectConfigurationPlatforms) = postSolution
		{ECDB1F20-15BD-4DA1-8BC7-A46A8D66AB37}.Debug|Any CPU.ActiveCfg = Debug|Any CPU
		{ECDB1F20-15BD-4DA1-8BC7-A46A8D66AB37}.Debug|Any CPU.Build.0 = Debug|Any CPU
		{ECDB1F20-15BD-4DA1-8BC7-A46A8D66AB37}.Release|Any CPU.ActiveCfg = Release|Any CPU
		{ECDB1F20-15BD-4DA1-8BC7-A46A8D66AB37}.Release|Any CPU.Build.0 = Release|Any CPU
	EndGlobalSection
	GlobalSection(SolutionProperties) = preSolution
		HideSolutionNode = FALSE
	EndGlobalSection
	GlobalSection(ExtensibilityGlobals) = postSolution
		SolutionGuid = {A13CB12D-1B43-4D07-A2BB-14B97A52873D}
	EndGlobalSection
EndGlobal
